{
  "object": {
    "pins": [
      {
        "package": "CLevelDB",
        "repositoryURL": "https://github.com/amraboelela/CLevelDB",
        "state": {
          "branch": "master",
          "revision": "9909f8a3d89682aa3b49769437234ec57bbc3e8e",
          "version": null
        }
      }
    ]
  },
  "version": 1
}
