{
  "object": {
    "pins": [
      {
        "reference": {
          "identity": "cleveldb",
          "isLocal": false,
          "path": "https://github.com/amraboelela/CLevelDB"
        },
        "state": {
          "branch": null,
          "revision": "863124c736bafecf20b1df675941afed5c7d3ff3",
          "version": "1.0.0"
        }
      }
    ]
  },
  "version": 2
}
