{
  "object": {
    "pins": [
      {
        "package": "CLevelDB",
        "repositoryURL": "https://github.com/amraboelela/CLevelDB",
        "state": {
          "branch": "master",
          "revision": "62ac2e2c16b0355937de7e320f9e32d0802fa9ff",
          "version": null
        }
      }
    ]
  },
  "version": 1
}
