// !$*UTF8*$!
{
	archiveVersion = 1;
	classes = {
	};
	objectVersion = 52;
	objects = {

/* Begin PBXBuildFile section */
		0C36D3C21DC996EC0081878D /* SwiftLevelDB.framework in Frameworks */ = {isa = PBXBuildFile; fileRef = 0C1D15581D6ABF81007E99F4 /* SwiftLevelDB.framework */; };
		0C36D3C81DC99AE90081878D /* BaseTestClass.swift in Sources */ = {isa = PBXBuildFile; fileRef = 0C36D3B21DC996CD0081878D /* BaseTestClass.swift */; };
		0C36D3C91DC99AEE0081878D /* MainTests.swift in Sources */ = {isa = PBXBuildFile; fileRef = 0C36D3B41DC996CD0081878D /* MainTests.swift */; };
		604E7A08245D02A300953BE9 /* CLevelDB in Frameworks */ = {isa = PBXBuildFile; productRef = 604E7A07245D02A300953BE9 /* CLevelDB */; };
		EDAC2003205B7CEB00F16989 /* Data.swift in Sources */ = {isa = PBXBuildFile; fileRef = EDAC1FFF205B7CEB00F16989 /* Data.swift */; };
		EDAC2004205B7CEB00F16989 /* LevelDB.swift in Sources */ = {isa = PBXBuildFile; fileRef = EDAC2000205B7CEB00F16989 /* LevelDB.swift */; };
		EDAC2005205B7CEB00F16989 /* NSObject.swift in Sources */ = {isa = PBXBuildFile; fileRef = EDAC2001205B7CEB00F16989 /* NSObject.swift */; };
		EDAC2006205B7CEB00F16989 /* String.swift in Sources */ = {isa = PBXBuildFile; fileRef = EDAC2002205B7CEB00F16989 /* String.swift */; };
/* End PBXBuildFile section */

/* Begin PBXContainerItemProxy section */
		0C36D3C31DC996EC0081878D /* PBXContainerItemProxy */ = {
			isa = PBXContainerItemProxy;
			containerPortal = 0C1D154F1D6ABF81007E99F4 /* Project object */;
			proxyType = 1;
			remoteGlobalIDString = 0C1D15571D6ABF81007E99F4;
			remoteInfo = SwiftLevelDB;
		};
/* End PBXContainerItemProxy section */

/* Begin PBXFileReference section */
		0C1D15581D6ABF81007E99F4 /* SwiftLevelDB.framework */ = {isa = PBXFileReference; explicitFileType = wrapper.framework; includeInIndex = 0; path = SwiftLevelDB.framework; sourceTree = BUILT_PRODUCTS_DIR; };
		0C36D3AD1DC996A70081878D /* Info.plist */ = {isa = PBXFileReference; fileEncoding = 4; lastKnownFileType = text.plist.xml; path = Info.plist; sourceTree = "<group>"; };
		0C36D3B01DC996CD0081878D /* LinuxMain.swift */ = {isa = PBXFileReference; fileEncoding = 4; lastKnownFileType = sourcecode.swift; path = LinuxMain.swift; sourceTree = "<group>"; };
		0C36D3B21DC996CD0081878D /* BaseTestClass.swift */ = {isa = PBXFileReference; fileEncoding = 4; lastKnownFileType = sourcecode.swift; path = BaseTestClass.swift; sourceTree = "<group>"; };
		0C36D3B31DC996CD0081878D /* Info.plist */ = {isa = PBXFileReference; fileEncoding = 4; lastKnownFileType = text.plist.xml; path = Info.plist; sourceTree = "<group>"; };
		0C36D3B41DC996CD0081878D /* MainTests.swift */ = {isa = PBXFileReference; fileEncoding = 4; lastKnownFileType = sourcecode.swift; path = MainTests.swift; sourceTree = "<group>"; };
		0C36D3BD1DC996EC0081878D /* SwiftLevelDBTests.xctest */ = {isa = PBXFileReference; explicitFileType = wrapper.cfbundle; includeInIndex = 0; path = SwiftLevelDBTests.xctest; sourceTree = BUILT_PRODUCTS_DIR; };
		0C4F5EEA1D6B79A700BEE4AE /* Package.swift */ = {isa = PBXFileReference; fileEncoding = 4; lastKnownFileType = sourcecode.swift; path = Package.swift; sourceTree = "<group>"; };
		0C4F5EEB1D6B79A700BEE4AE /* README.md */ = {isa = PBXFileReference; fileEncoding = 4; lastKnownFileType = net.daringfireball.markdown; path = README.md; sourceTree = "<group>"; };
		0C649CAB1DFA7A6D0072F559 /* LICENSE */ = {isa = PBXFileReference; fileEncoding = 4; lastKnownFileType = text; path = LICENSE; sourceTree = "<group>"; };
		0CD3F78D1E087AE80002A697 /* clean */ = {isa = PBXFileReference; fileEncoding = 4; lastKnownFileType = text.script.sh; path = clean; sourceTree = "<group>"; };
		0CD3F79C1E08DAF40002A697 /* build */ = {isa = PBXFileReference; fileEncoding = 4; lastKnownFileType = text.script.sh; path = build; sourceTree = "<group>"; };
		0CD3F79D1E08DAF40002A697 /* test */ = {isa = PBXFileReference; fileEncoding = 4; lastKnownFileType = text.script.sh; path = test; sourceTree = "<group>"; };
		63F23A9E1DFCC67500F000E8 /* tag */ = {isa = PBXFileReference; fileEncoding = 4; lastKnownFileType = text.script.sh; path = tag; sourceTree = "<group>"; };
		EDAC1FFF205B7CEB00F16989 /* Data.swift */ = {isa = PBXFileReference; fileEncoding = 4; lastKnownFileType = sourcecode.swift; path = Data.swift; sourceTree = "<group>"; };
		EDAC2000205B7CEB00F16989 /* LevelDB.swift */ = {isa = PBXFileReference; fileEncoding = 4; lastKnownFileType = sourcecode.swift; path = LevelDB.swift; sourceTree = "<group>"; };
		EDAC2001205B7CEB00F16989 /* NSObject.swift */ = {isa = PBXFileReference; fileEncoding = 4; lastKnownFileType = sourcecode.swift; path = NSObject.swift; sourceTree = "<group>"; };
		EDAC2002205B7CEB00F16989 /* String.swift */ = {isa = PBXFileReference; fileEncoding = 4; lastKnownFileType = sourcecode.swift; path = String.swift; sourceTree = "<group>"; };
/* End PBXFileReference section */

/* Begin PBXFrameworksBuildPhase section */
		0C1D15541D6ABF81007E99F4 /* Frameworks */ = {
			isa = PBXFrameworksBuildPhase;
			buildActionMask = 2147483647;
			files = (
				604E7A08245D02A300953BE9 /* CLevelDB in Frameworks */,
			);
			runOnlyForDeploymentPostprocessing = 0;
		};
		0C36D3BA1DC996EC0081878D /* Frameworks */ = {
			isa = PBXFrameworksBuildPhase;
			buildActionMask = 2147483647;
			files = (
				0C36D3C21DC996EC0081878D /* SwiftLevelDB.framework in Frameworks */,
			);
			runOnlyForDeploymentPostprocessing = 0;
		};
/* End PBXFrameworksBuildPhase section */

/* Begin PBXGroup section */
		0C1471441D6B24A900C16920 /* Sources */ = {
			isa = PBXGroup;
			children = (
				EDAC1FFE205B7CEB00F16989 /* SwiftLevelDB */,
			);
			name = Sources;
			sourceTree = "<group>";
		};
		0C1D154E1D6ABF81007E99F4 = {
			isa = PBXGroup;
			children = (
				0C36D3AD1DC996A70081878D /* Info.plist */,
				0CD3F78D1E087AE80002A697 /* clean */,
				0CD3F79C1E08DAF40002A697 /* build */,
				0CD3F79D1E08DAF40002A697 /* test */,
				0C4F5EEA1D6B79A700BEE4AE /* Package.swift */,
				63F23A9E1DFCC67500F000E8 /* tag */,
				0C4F5EEB1D6B79A700BEE4AE /* README.md */,
				0C649CAB1DFA7A6D0072F559 /* LICENSE */,
				0C1471441D6B24A900C16920 /* Sources */,
				0C36D3AF1DC996CD0081878D /* Tests */,
				0C1D15591D6ABF81007E99F4 /* Products */,
				0C7B4DAC1E5AA40A003AB7F9 /* Frameworks */,
			);
			indentWidth = 4;
			sourceTree = "<group>";
			tabWidth = 4;
		};
		0C1D15591D6ABF81007E99F4 /* Products */ = {
			isa = PBXGroup;
			children = (
				0C1D15581D6ABF81007E99F4 /* SwiftLevelDB.framework */,
				0C36D3BD1DC996EC0081878D /* SwiftLevelDBTests.xctest */,
			);
			name = Products;
			sourceTree = "<group>";
		};
		0C36D3AF1DC996CD0081878D /* Tests */ = {
			isa = PBXGroup;
			children = (
				0C36D3B01DC996CD0081878D /* LinuxMain.swift */,
				0C36D3B11DC996CD0081878D /* SwiftLevelDBTests */,
			);
			path = Tests;
			sourceTree = "<group>";
		};
		0C36D3B11DC996CD0081878D /* SwiftLevelDBTests */ = {
			isa = PBXGroup;
			children = (
				0C36D3B21DC996CD0081878D /* BaseTestClass.swift */,
				0C36D3B31DC996CD0081878D /* Info.plist */,
				0C36D3B41DC996CD0081878D /* MainTests.swift */,
			);
			path = SwiftLevelDBTests;
			sourceTree = "<group>";
		};
		0C7B4DAC1E5AA40A003AB7F9 /* Frameworks */ = {
			isa = PBXGroup;
			children = (
			);
			name = Frameworks;
			sourceTree = "<group>";
		};
		EDAC1FFE205B7CEB00F16989 /* SwiftLevelDB */ = {
			isa = PBXGroup;
			children = (
				EDAC1FFF205B7CEB00F16989 /* Data.swift */,
				EDAC2000205B7CEB00F16989 /* LevelDB.swift */,
				EDAC2001205B7CEB00F16989 /* NSObject.swift */,
				EDAC2002205B7CEB00F16989 /* String.swift */,
			);
			name = SwiftLevelDB;
			path = Sources/SwiftLevelDB;
			sourceTree = "<group>";
		};
/* End PBXGroup section */

/* Begin PBXHeadersBuildPhase section */
		0C1D15551D6ABF81007E99F4 /* Headers */ = {
			isa = PBXHeadersBuildPhase;
			buildActionMask = 2147483647;
			files = (
			);
			runOnlyForDeploymentPostprocessing = 0;
		};
/* End PBXHeadersBuildPhase section */

/* Begin PBXNativeTarget section */
		0C1D15571D6ABF81007E99F4 /* SwiftLevelDB */ = {
			isa = PBXNativeTarget;
			buildConfigurationList = 0C1D15601D6ABF81007E99F4 /* Build configuration list for PBXNativeTarget "SwiftLevelDB" */;
			buildPhases = (
				0C1D15531D6ABF81007E99F4 /* Sources */,
				0C1D15541D6ABF81007E99F4 /* Frameworks */,
				0C1D15551D6ABF81007E99F4 /* Headers */,
				0C1D15561D6ABF81007E99F4 /* Resources */,
			);
			buildRules = (
			);
			dependencies = (
			);
			name = SwiftLevelDB;
			packageProductDependencies = (
				604E7A07245D02A300953BE9 /* CLevelDB */,
			);
			productName = SwiftLevelDB;
			productReference = 0C1D15581D6ABF81007E99F4 /* SwiftLevelDB.framework */;
			productType = "com.apple.product-type.framework";
		};
		0C36D3BC1DC996EC0081878D /* SwiftLevelDBTests */ = {
			isa = PBXNativeTarget;
			buildConfigurationList = 0C36D3C51DC996EC0081878D /* Build configuration list for PBXNativeTarget "SwiftLevelDBTests" */;
			buildPhases = (
				0C36D3B91DC996EC0081878D /* Sources */,
				0C36D3BA1DC996EC0081878D /* Frameworks */,
				0C36D3BB1DC996EC0081878D /* Resources */,
			);
			buildRules = (
			);
			dependencies = (
				0C36D3C41DC996EC0081878D /* PBXTargetDependency */,
			);
			name = SwiftLevelDBTests;
			productName = SwiftLevelDBTests;
			productReference = 0C36D3BD1DC996EC0081878D /* SwiftLevelDBTests.xctest */;
			productType = "com.apple.product-type.bundle.unit-test";
		};
/* End PBXNativeTarget section */

/* Begin PBXProject section */
		0C1D154F1D6ABF81007E99F4 /* Project object */ = {
			isa = PBXProject;
			attributes = {
				LastSwiftUpdateCheck = 0810;
				LastUpgradeCheck = 1130;
				ORGANIZATIONNAME = "Amr Aboelela";
				TargetAttributes = {
					0C1D15571D6ABF81007E99F4 = {
						CreatedOnToolsVersion = 7.3.1;
						LastSwiftMigration = 0920;
					};
					0C36D3BC1DC996EC0081878D = {
						CreatedOnToolsVersion = 8.1;
						LastSwiftMigration = 0920;
						ProvisioningStyle = Automatic;
					};
				};
			};
			buildConfigurationList = 0C1D15521D6ABF81007E99F4 /* Build configuration list for PBXProject "SwiftLevelDB_MacOS" */;
			compatibilityVersion = "Xcode 3.2";
			developmentRegion = en;
			hasScannedForEncodings = 0;
			knownRegions = (
				en,
				Base,
			);
			mainGroup = 0C1D154E1D6ABF81007E99F4;
			packageReferences = (
				604E7A06245D018200953BE9 /* XCRemoteSwiftPackageReference "CLevelDB" */,
			);
			productRefGroup = 0C1D15591D6ABF81007E99F4 /* Products */;
			projectDirPath = "";
			projectRoot = "";
			targets = (
				0C1D15571D6ABF81007E99F4 /* SwiftLevelDB */,
				0C36D3BC1DC996EC0081878D /* SwiftLevelDBTests */,
			);
		};
/* End PBXProject section */

/* Begin PBXResourcesBuildPhase section */
		0C1D15561D6ABF81007E99F4 /* Resources */ = {
			isa = PBXResourcesBuildPhase;
			buildActionMask = 2147483647;
			files = (
			);
			runOnlyForDeploymentPostprocessing = 0;
		};
		0C36D3BB1DC996EC0081878D /* Resources */ = {
			isa = PBXResourcesBuildPhase;
			buildActionMask = 2147483647;
			files = (
			);
			runOnlyForDeploymentPostprocessing = 0;
		};
/* End PBXResourcesBuildPhase section */

/* Begin PBXSourcesBuildPhase section */
		0C1D15531D6ABF81007E99F4 /* Sources */ = {
			isa = PBXSourcesBuildPhase;
			buildActionMask = 2147483647;
			files = (
				EDAC2005205B7CEB00F16989 /* NSObject.swift in Sources */,
				EDAC2004205B7CEB00F16989 /* LevelDB.swift in Sources */,
				EDAC2006205B7CEB00F16989 /* String.swift in Sources */,
				EDAC2003205B7CEB00F16989 /* Data.swift in Sources */,
			);
			runOnlyForDeploymentPostprocessing = 0;
		};
		0C36D3B91DC996EC0081878D /* Sources */ = {
			isa = PBXSourcesBuildPhase;
			buildActionMask = 2147483647;
			files = (
				0C36D3C91DC99AEE0081878D /* MainTests.swift in Sources */,
				0C36D3C81DC99AE90081878D /* BaseTestClass.swift in Sources */,
			);
			runOnlyForDeploymentPostprocessing = 0;
		};
/* End PBXSourcesBuildPhase section */

/* Begin PBXTargetDependency section */
		0C36D3C41DC996EC0081878D /* PBXTargetDependency */ = {
			isa = PBXTargetDependency;
			target = 0C1D15571D6ABF81007E99F4 /* SwiftLevelDB */;
			targetProxy = 0C36D3C31DC996EC0081878D /* PBXContainerItemProxy */;
		};
/* End PBXTargetDependency section */

/* Begin XCBuildConfiguration section */
		0C1D155E1D6ABF81007E99F4 /* Debug */ = {
			isa = XCBuildConfiguration;
			buildSettings = {
				ALWAYS_SEARCH_USER_PATHS = NO;
				CLANG_ANALYZER_LOCALIZABILITY_NONLOCALIZED = YES;
				CLANG_ANALYZER_NONNULL = YES;
				CLANG_CXX_LANGUAGE_STANDARD = "gnu++0x";
				CLANG_CXX_LIBRARY = "libc++";
				CLANG_ENABLE_MODULES = YES;
				CLANG_ENABLE_OBJC_ARC = YES;
				CLANG_WARN_BLOCK_CAPTURE_AUTORELEASING = YES;
				CLANG_WARN_BOOL_CONVERSION = YES;
				CLANG_WARN_COMMA = YES;
				CLANG_WARN_CONSTANT_CONVERSION = YES;
				CLANG_WARN_DEPRECATED_OBJC_IMPLEMENTATIONS = YES;
				CLANG_WARN_DIRECT_OBJC_ISA_USAGE = YES_ERROR;
				CLANG_WARN_EMPTY_BODY = YES;
				CLANG_WARN_ENUM_CONVERSION = YES;
				CLANG_WARN_INFINITE_RECURSION = YES;
				CLANG_WARN_INT_CONVERSION = YES;
				CLANG_WARN_NON_LITERAL_NULL_CONVERSION = YES;
				CLANG_WARN_OBJC_IMPLICIT_RETAIN_SELF = YES;
				CLANG_WARN_OBJC_LITERAL_CONVERSION = YES;
				CLANG_WARN_OBJC_ROOT_CLASS = YES_ERROR;
				CLANG_WARN_RANGE_LOOP_ANALYSIS = YES;
				CLANG_WARN_STRICT_PROTOTYPES = YES;
				CLANG_WARN_SUSPICIOUS_MOVE = YES;
				CLANG_WARN_UNREACHABLE_CODE = YES;
				CLANG_WARN__DUPLICATE_METHOD_MATCH = YES;
				"CODE_SIGN_IDENTITY[sdk=iphoneos*]" = "iPhone Developer";
				COPY_PHASE_STRIP = NO;
				CURRENT_PROJECT_VERSION = 1;
				DEBUG_INFORMATION_FORMAT = dwarf;
				ENABLE_STRICT_OBJC_MSGSEND = YES;
				ENABLE_TESTABILITY = YES;
				GCC_C_LANGUAGE_STANDARD = gnu99;
				GCC_DYNAMIC_NO_PIC = NO;
				GCC_NO_COMMON_BLOCKS = YES;
				GCC_OPTIMIZATION_LEVEL = 0;
				GCC_PREPROCESSOR_DEFINITIONS = (
					"DEBUG=1",
					"$(inherited)",
				);
				GCC_WARN_64_TO_32_BIT_CONVERSION = YES;
				GCC_WARN_ABOUT_RETURN_TYPE = YES_ERROR;
				GCC_WARN_UNDECLARED_SELECTOR = YES;
				GCC_WARN_UNINITIALIZED_AUTOS = YES_AGGRESSIVE;
				GCC_WARN_UNUSED_FUNCTION = YES;
				GCC_WARN_UNUSED_VARIABLE = YES;
				IPHONEOS_DEPLOYMENT_TARGET = 9.3;
				MTL_ENABLE_DEBUG_INFO = YES;
				ONLY_ACTIVE_ARCH = YES;
				SDKROOT = iphoneos;
				SWIFT_OPTIMIZATION_LEVEL = "-Onone";
				TARGETED_DEVICE_FAMILY = "1,2";
				VERSIONING_SYSTEM = "apple-generic";
				VERSION_INFO_PREFIX = "";
			};
			name = Debug;
		};
		0C1D155F1D6ABF81007E99F4 /* Release */ = {
			isa = XCBuildConfiguration;
			buildSettings = {
				ALWAYS_SEARCH_USER_PATHS = NO;
				CLANG_ANALYZER_LOCALIZABILITY_NONLOCALIZED = YES;
				CLANG_ANALYZER_NONNULL = YES;
				CLANG_CXX_LANGUAGE_STANDARD = "gnu++0x";
				CLANG_CXX_LIBRARY = "libc++";
				CLANG_ENABLE_MODULES = YES;
				CLANG_ENABLE_OBJC_ARC = YES;
				CLANG_WARN_BLOCK_CAPTURE_AUTORELEASING = YES;
				CLANG_WARN_BOOL_CONVERSION = YES;
				CLANG_WARN_COMMA = YES;
				CLANG_WARN_CONSTANT_CONVERSION = YES;
				CLANG_WARN_DEPRECATED_OBJC_IMPLEMENTATIONS = YES;
				CLANG_WARN_DIRECT_OBJC_ISA_USAGE = YES_ERROR;
				CLANG_WARN_EMPTY_BODY = YES;
				CLANG_WARN_ENUM_CONVERSION = YES;
				CLANG_WARN_INFINITE_RECURSION = YES;
				CLANG_WARN_INT_CONVERSION = YES;
				CLANG_WARN_NON_LITERAL_NULL_CONVERSION = YES;
				CLANG_WARN_OBJC_IMPLICIT_RETAIN_SELF = YES;
				CLANG_WARN_OBJC_LITERAL_CONVERSION = YES;
				CLANG_WARN_OBJC_ROOT_CLASS = YES_ERROR;
				CLANG_WARN_RANGE_LOOP_ANALYSIS = YES;
				CLANG_WARN_STRICT_PROTOTYPES = YES;
				CLANG_WARN_SUSPICIOUS_MOVE = YES;
				CLANG_WARN_UNREACHABLE_CODE = YES;
				CLANG_WARN__DUPLICATE_METHOD_MATCH = YES;
				"CODE_SIGN_IDENTITY[sdk=iphoneos*]" = "iPhone Developer";
				COPY_PHASE_STRIP = NO;
				CURRENT_PROJECT_VERSION = 1;
				DEBUG_INFORMATION_FORMAT = "dwarf-with-dsym";
				ENABLE_NS_ASSERTIONS = NO;
				ENABLE_STRICT_OBJC_MSGSEND = YES;
				GCC_C_LANGUAGE_STANDARD = gnu99;
				GCC_NO_COMMON_BLOCKS = YES;
				GCC_WARN_64_TO_32_BIT_CONVERSION = YES;
				GCC_WARN_ABOUT_RETURN_TYPE = YES_ERROR;
				GCC_WARN_UNDECLARED_SELECTOR = YES;
				GCC_WARN_UNINITIALIZED_AUTOS = YES_AGGRESSIVE;
				GCC_WARN_UNUSED_FUNCTION = YES;
				GCC_WARN_UNUSED_VARIABLE = YES;
				IPHONEOS_DEPLOYMENT_TARGET = 9.3;
				MTL_ENABLE_DEBUG_INFO = NO;
				SDKROOT = iphoneos;
				SWIFT_COMPILATION_MODE = wholemodule;
				SWIFT_OPTIMIZATION_LEVEL = "-O";
				TARGETED_DEVICE_FAMILY = "1,2";
				VALIDATE_PRODUCT = YES;
				VERSIONING_SYSTEM = "apple-generic";
				VERSION_INFO_PREFIX = "";
			};
			name = Release;
		};
		0C1D15611D6ABF81007E99F4 /* Debug */ = {
			isa = XCBuildConfiguration;
			buildSettings = {
				CLANG_ALLOW_NON_MODULAR_INCLUDES_IN_FRAMEWORK_MODULES = YES;
				CLANG_ENABLE_MODULES = YES;
				CODE_SIGN_IDENTITY = "";
				"CODE_SIGN_IDENTITY[sdk=iphoneos*]" = "";
				DEFINES_MODULE = YES;
				DYLIB_COMPATIBILITY_VERSION = 1;
				DYLIB_CURRENT_VERSION = 1;
				DYLIB_INSTALL_NAME_BASE = "@rpath";
				FRAMEWORK_SEARCH_PATHS = (
					"$(inherited)",
					"$(PROJECT_DIR)",
				);
				HEADER_SEARCH_PATHS = $SRCROOT/../CLevelDB/include;
				INFOPLIST_FILE = Info.plist;
				INSTALL_PATH = "$(LOCAL_LIBRARY_DIR)/Frameworks";
				LD_RUNPATH_SEARCH_PATHS = (
					"$(inherited)",
					"@executable_path/Frameworks",
					"@loader_path/Frameworks",
				);
				MACOSX_DEPLOYMENT_TARGET = 10.10;
				PRODUCT_BUNDLE_IDENTIFIER = com.amr.SwiftLevelDB;
				PRODUCT_NAME = "$(TARGET_NAME)";
				SDKROOT = macosx;
				SKIP_INSTALL = YES;
				SUPPORTED_PLATFORMS = macosx;
				SWIFT_OBJC_INTERFACE_HEADER_NAME = "";
				SWIFT_OPTIMIZATION_LEVEL = "-Onone";
				SWIFT_SWIFT3_OBJC_INFERENCE = On;
				SWIFT_VERSION = 5.0;
			};
			name = Debug;
		};
		0C1D15621D6ABF81007E99F4 /* Release */ = {
			isa = XCBuildConfiguration;
			buildSettings = {
				CLANG_ALLOW_NON_MODULAR_INCLUDES_IN_FRAMEWORK_MODULES = YES;
				CLANG_ENABLE_MODULES = YES;
				CODE_SIGN_IDENTITY = "";
				"CODE_SIGN_IDENTITY[sdk=iphoneos*]" = "";
				DEFINES_MODULE = YES;
				DYLIB_COMPATIBILITY_VERSION = 1;
				DYLIB_CURRENT_VERSION = 1;
				DYLIB_INSTALL_NAME_BASE = "@rpath";
				FRAMEWORK_SEARCH_PATHS = (
					"$(inherited)",
					"$(PROJECT_DIR)",
				);
				HEADER_SEARCH_PATHS = $SRCROOT/../CLevelDB/include;
				INFOPLIST_FILE = Info.plist;
				INSTALL_PATH = "$(LOCAL_LIBRARY_DIR)/Frameworks";
				LD_RUNPATH_SEARCH_PATHS = (
					"$(inherited)",
					"@executable_path/Frameworks",
					"@loader_path/Frameworks",
				);
				MACOSX_DEPLOYMENT_TARGET = 10.10;
				PRODUCT_BUNDLE_IDENTIFIER = com.amr.SwiftLevelDB;
				PRODUCT_NAME = "$(TARGET_NAME)";
				SDKROOT = macosx;
				SKIP_INSTALL = YES;
				SUPPORTED_PLATFORMS = macosx;
				SWIFT_OBJC_INTERFACE_HEADER_NAME = "";
				SWIFT_SWIFT3_OBJC_INFERENCE = On;
				SWIFT_VERSION = 5.0;
			};
			name = Release;
		};
		0C36D3C61DC996EC0081878D /* Debug */ = {
			isa = XCBuildConfiguration;
			buildSettings = {
				ALWAYS_EMBED_SWIFT_STANDARD_LIBRARIES = YES;
				CLANG_WARN_DOCUMENTATION_COMMENTS = YES;
				CLANG_WARN_INFINITE_RECURSION = YES;
				CLANG_WARN_SUSPICIOUS_MOVES = YES;
				INFOPLIST_FILE = Tests/SwiftLevelDBTests/Info.plist;
				IPHONEOS_DEPLOYMENT_TARGET = 10.1;
				LD_RUNPATH_SEARCH_PATHS = (
					"$(inherited)",
					"@executable_path/Frameworks",
					"@loader_path/Frameworks",
				);
				PRODUCT_BUNDLE_IDENTIFIER = com.amr.SwiftLevelDBTests;
				PRODUCT_NAME = "$(TARGET_NAME)";
				SWIFT_ACTIVE_COMPILATION_CONDITIONS = DEBUG;
				SWIFT_SWIFT3_OBJC_INFERENCE = On;
				SWIFT_VERSION = 4.0;
			};
			name = Debug;
		};
		0C36D3C71DC996EC0081878D /* Release */ = {
			isa = XCBuildConfiguration;
			buildSettings = {
				ALWAYS_EMBED_SWIFT_STANDARD_LIBRARIES = YES;
				CLANG_WARN_DOCUMENTATION_COMMENTS = YES;
				CLANG_WARN_INFINITE_RECURSION = YES;
				CLANG_WARN_SUSPICIOUS_MOVES = YES;
				INFOPLIST_FILE = Tests/SwiftLevelDBTests/Info.plist;
				IPHONEOS_DEPLOYMENT_TARGET = 10.1;
				LD_RUNPATH_SEARCH_PATHS = (
					"$(inherited)",
					"@executable_path/Frameworks",
					"@loader_path/Frameworks",
				);
				PRODUCT_BUNDLE_IDENTIFIER = com.amr.SwiftLevelDBTests;
				PRODUCT_NAME = "$(TARGET_NAME)";
				SWIFT_COMPILATION_MODE = wholemodule;
				SWIFT_OPTIMIZATION_LEVEL = "-O";
				SWIFT_SWIFT3_OBJC_INFERENCE = On;
				SWIFT_VERSION = 4.0;
			};
			name = Release;
		};
/* End XCBuildConfiguration section */

/* Begin XCConfigurationList section */
		0C1D15521D6ABF81007E99F4 /* Build configuration list for PBXProject "SwiftLevelDB_MacOS" */ = {
			isa = XCConfigurationList;
			buildConfigurations = (
				0C1D155E1D6ABF81007E99F4 /* Debug */,
				0C1D155F1D6ABF81007E99F4 /* Release */,
			);
			defaultConfigurationIsVisible = 0;
			defaultConfigurationName = Release;
		};
		0C1D15601D6ABF81007E99F4 /* Build configuration list for PBXNativeTarget "SwiftLevelDB" */ = {
			isa = XCConfigurationList;
			buildConfigurations = (
				0C1D15611D6ABF81007E99F4 /* Debug */,
				0C1D15621D6ABF81007E99F4 /* Release */,
			);
			defaultConfigurationIsVisible = 0;
			defaultConfigurationName = Release;
		};
		0C36D3C51DC996EC0081878D /* Build configuration list for PBXNativeTarget "SwiftLevelDBTests" */ = {
			isa = XCConfigurationList;
			buildConfigurations = (
				0C36D3C61DC996EC0081878D /* Debug */,
				0C36D3C71DC996EC0081878D /* Release */,
			);
			defaultConfigurationIsVisible = 0;
			defaultConfigurationName = Release;
		};
/* End XCConfigurationList section */

/* Begin XCRemoteSwiftPackageReference section */
		604E7A06245D018200953BE9 /* XCRemoteSwiftPackageReference "CLevelDB" */ = {
			isa = XCRemoteSwiftPackageReference;
			repositoryURL = "https://github.com/amraboelela/CLevelDB.git";
			requirement = {
				branch = spm;
				kind = branch;
			};
		};
/* End XCRemoteSwiftPackageReference section */

/* Begin XCSwiftPackageProductDependency section */
		604E7A07245D02A300953BE9 /* CLevelDB */ = {
			isa = XCSwiftPackageProductDependency;
			package = 604E7A06245D018200953BE9 /* XCRemoteSwiftPackageReference "CLevelDB" */;
			productName = CLevelDB;
		};
/* End XCSwiftPackageProductDependency section */
	};
	rootObject = 0C1D154F1D6ABF81007E99F4 /* Project object */;
}
